
Microsoft Visual Studio Solution File, Format Version 10.00
# Visual Studio 2008
Project("{FAE04EC0-301F-11D3-BF4B-00C04F79EFBC}") = "COMMON", "COMMON\COMMON.csproj", "{EB136AA2-32B3-43AB-9E0A-3C8B3C33F893}"
EndProject
Project("{FAE04EC0-301F-11D3-BF4B-00C04F79EFBC}") = "17PK", "17PK\17PK.csproj", "{7A221D10-E558-459F-BD01-4ACCD5FE78B4}"
EndProject
Global
	GlobalSection(SolutionConfigurationPlatforms) = preSolution
		Debug|Any CPU = Debug|Any CPU
		Release|Any CPU = Release|Any CPU
	EndGlobalSection
	GlobalSection(ProjectConfigurationPlatforms) = postSolution
		{EB136AA2-32B3-43AB-9E0A-3C8B3C33F893}.Debug|Any CPU.ActiveCfg = Debug|Any CPU
		{EB136AA2-32B3-43AB-9E0A-3C8B3C33F893}.Debug|Any CPU.Build.0 = Debug|Any CPU
		{EB136AA2-32B3-43AB-9E0A-3C8B3C33F893}.Release|Any CPU.ActiveCfg = Release|Any CPU
		{EB136AA2-32B3-43AB-9E0A-3C8B3C33F893}.Release|Any CPU.Build.0 = Release|Any CPU
		{7A221D10-E558-459F-BD01-4ACCD5FE78B4}.Debug|Any CPU.ActiveCfg = Debug|Any CPU
		{7A221D10-E558-459F-BD01-4ACCD5FE78B4}.Debug|Any CPU.Build.0 = Debug|Any CPU
		{7A221D10-E558-459F-BD01-4ACCD5FE78B4}.Release|Any CPU.ActiveCfg = Release|Any CPU
		{7A221D10-E558-459F-BD01-4ACCD5FE78B4}.Release|Any CPU.Build.0 = Release|Any CPU
	EndGlobalSection
	GlobalSection(SolutionProperties) = preSolution
		HideSolutionNode = FALSE
	EndGlobalSection
EndGlobal
